
Microsoft Visual Studio Solution File, Format Version 12.00
# Visual Studio Version 17
VisualStudioVersion = 17.0.32014.148
MinimumVisualStudioVersion = 10.0.40219.1
Project("{FAE04EC0-301F-11D3-BF4B-00C04F79EFBC}") = "lab5", "lab5\lab5.csproj", "{E65CCEAF-CD35-44F8-830E-AEA4C1001BF4}"
EndProject
Global
	GlobalSection(SolutionConfigurationPlatforms) = preSolution
		Debug|Any CPU = Debug|Any CPU
		Release|Any CPU = Release|Any CPU
	EndGlobalSection
	GlobalSection(ProjectConfigurationPlatforms) = postSolution
		{E65CCEAF-CD35-44F8-830E-AEA4C1001BF4}.Debug|Any CPU.ActiveCfg = Debug|Any CPU
		{E65CCEAF-CD35-44F8-830E-AEA4C1001BF4}.Debug|Any CPU.Build.0 = Debug|Any CPU
		{E65CCEAF-CD35-44F8-830E-AEA4C1001BF4}.Release|Any CPU.ActiveCfg = Release|Any CPU
		{E65CCEAF-CD35-44F8-830E-AEA4C1001BF4}.Release|Any CPU.Build.0 = Release|Any CPU
	EndGlobalSection
	GlobalSection(SolutionProperties) = preSolution
		HideSolutionNode = FALSE
	EndGlobalSection
	GlobalSection(ExtensibilityGlobals) = postSolution
		SolutionGuid = {091F438D-9CF5-4C2D-B0C7-6C7CC1B97DA5}
	EndGlobalSection
EndGlobal
